
Microsoft Visual Studio Solution File, Format Version 12.00
# Visual Studio Version 16
VisualStudioVersion = 16.0.31229.75
MinimumVisualStudioVersion = 10.0.40219.1
Project("{FAE04EC0-301F-11D3-BF4B-00C04F79EFBC}") = "Product management.Android", "Product management\Product management.Android\Product management.Android.csproj", "{628AC390-B458-47E6-B0E5-712D19AA7B13}"
EndProject
Project("{FAE04EC0-301F-11D3-BF4B-00C04F79EFBC}") = "Product management.iOS", "Product management\Product management.iOS\Product management.iOS.csproj", "{071F6D27-5694-4AEC-B6F8-3629ADE54322}"
EndProject
Project("{FAE04EC0-301F-11D3-BF4B-00C04F79EFBC}") = "Product management", "Product management\Product management\Product management.csproj", "{BD466A6E-B3F0-4557-B9B3-5C47C07418A5}"
EndProject
Global
	GlobalSection(SolutionConfigurationPlatforms) = preSolution
		Debug|Any CPU = Debug|Any CPU
		Debug|iPhone = Debug|iPhone
		Debug|iPhoneSimulator = Debug|iPhoneSimulator
		Release|Any CPU = Release|Any CPU
		Release|iPhone = Release|iPhone
		Release|iPhoneSimulator = Release|iPhoneSimulator
	EndGlobalSection
	GlobalSection(ProjectConfigurationPlatforms) = postSolution
		{628AC390-B458-47E6-B0E5-712D19AA7B13}.Debug|Any CPU.ActiveCfg = Debug|Any CPU
		{628AC390-B458-47E6-B0E5-712D19AA7B13}.Debug|Any CPU.Build.0 = Debug|Any CPU
		{628AC390-B458-47E6-B0E5-712D19AA7B13}.Debug|Any CPU.Deploy.0 = Debug|Any CPU
		{628AC390-B458-47E6-B0E5-712D19AA7B13}.Debug|iPhone.ActiveCfg = Debug|Any CPU
		{628AC390-B458-47E6-B0E5-712D19AA7B13}.Debug|iPhone.Build.0 = Debug|Any CPU
		{628AC390-B458-47E6-B0E5-712D19AA7B13}.Debug|iPhone.Deploy.0 = Debug|Any CPU
		{628AC390-B458-47E6-B0E5-712D19AA7B13}.Debug|iPhoneSimulator.ActiveCfg = Debug|Any CPU
		{628AC390-B458-47E6-B0E5-712D19AA7B13}.Debug|iPhoneSimulator.Build.0 = Debug|Any CPU
		{628AC390-B458-47E6-B0E5-712D19AA7B13}.Debug|iPhoneSimulator.Deploy.0 = Debug|Any CPU
		{628AC390-B458-47E6-B0E5-712D19AA7B13}.Release|Any CPU.ActiveCfg = Release|Any CPU
		{628AC390-B458-47E6-B0E5-712D19AA7B13}.Release|Any CPU.Build.0 = Release|Any CPU
		{628AC390-B458-47E6-B0E5-712D19AA7B13}.Release|Any CPU.Deploy.0 = Release|Any CPU
		{628AC390-B458-47E6-B0E5-712D19AA7B13}.Release|iPhone.ActiveCfg = Release|Any CPU
		{628AC390-B458-47E6-B0E5-712D19AA7B13}.Release|iPhone.Build.0 = Release|Any CPU
		{628AC390-B458-47E6-B0E5-712D19AA7B13}.Release|iPhone.Deploy.0 = Release|Any CPU
		{628AC390-B458-47E6-B0E5-712D19AA7B13}.Release|iPhoneSimulator.ActiveCfg = Release|Any CPU
		{628AC390-B458-47E6-B0E5-712D19AA7B13}.Release|iPhoneSimulator.Build.0 = Release|Any CPU
		{628AC390-B458-47E6-B0E5-712D19AA7B13}.Release|iPhoneSimulator.Deploy.0 = Release|Any CPU
		{071F6D27-5694-4AEC-B6F8-3629ADE54322}.Debug|Any CPU.ActiveCfg = Debug|iPhone
		{071F6D27-5694-4AEC-B6F8-3629ADE54322}.Debug|Any CPU.Build.0 = Debug|iPhone
		{071F6D27-5694-4AEC-B6F8-3629ADE54322}.Debug|Any CPU.Deploy.0 = Debug|iPhone
		{071F6D27-5694-4AEC-B6F8-3629ADE54322}.Debug|iPhone.ActiveCfg = Debug|iPhone
		{071F6D27-5694-4AEC-B6F8-3629ADE54322}.Debug|iPhone.Build.0 = Debug|iPhone
		{071F6D27-5694-4AEC-B6F8-3629ADE54322}.Debug|iPhone.Deploy.0 = Debug|iPhone
		{071F6D27-5694-4AEC-B6F8-3629ADE54322}.Debug|iPhoneSimulator.ActiveCfg = Debug|iPhoneSimulator
		{071F6D27-5694-4AEC-B6F8-3629ADE54322}.Debug|iPhoneSimulator.Build.0 = Debug|iPhoneSimulator
		{071F6D27-5694-4AEC-B6F8-3629ADE54322}.Debug|iPhoneSimulator.Deploy.0 = Debug|iPhoneSimulator
		{071F6D27-5694-4AEC-B6F8-3629ADE54322}.Release|Any CPU.ActiveCfg = Release|iPhoneSimulator
		{071F6D27-5694-4AEC-B6F8-3629ADE54322}.Release|Any CPU.Build.0 = Release|iPhoneSimulator
		{071F6D27-5694-4AEC-B6F8-3629ADE54322}.Release|Any CPU.Deploy.0 = Release|iPhoneSimulator
		{071F6D27-5694-4AEC-B6F8-3629ADE54322}.Release|iPhone.ActiveCfg = Release|iPhone
		{071F6D27-5694-4AEC-B6F8-3629ADE54322}.Release|iPhone.Build.0 = Release|iPhone
		{071F6D27-5694-4AEC-B6F8-3629ADE54322}.Release|iPhone.Deploy.0 = Release|iPhone
		{071F6D27-5694-4AEC-B6F8-3629ADE54322}.Release|iPhoneSimulator.ActiveCfg = Release|iPhoneSimulator
		{071F6D27-5694-4AEC-B6F8-3629ADE54322}.Release|iPhoneSimulator.Build.0 = Release|iPhoneSimulator
		{071F6D27-5694-4AEC-B6F8-3629ADE54322}.Release|iPhoneSimulator.Deploy.0 = Release|iPhoneSimulator
		{BD466A6E-B3F0-4557-B9B3-5C47C07418A5}.Debug|Any CPU.ActiveCfg = Debug|Any CPU
		{BD466A6E-B3F0-4557-B9B3-5C47C07418A5}.Debug|Any CPU.Build.0 = Debug|Any CPU
		{BD466A6E-B3F0-4557-B9B3-5C47C07418A5}.Debug|Any CPU.Deploy.0 = Debug|Any CPU
		{BD466A6E-B3F0-4557-B9B3-5C47C07418A5}.Debug|iPhone.ActiveCfg = Debug|Any CPU
		{BD466A6E-B3F0-4557-B9B3-5C47C07418A5}.Debug|iPhone.Build.0 = Debug|Any CPU
		{BD466A6E-B3F0-4557-B9B3-5C47C07418A5}.Debug|iPhone.Deploy.0 = Debug|Any CPU
		{BD466A6E-B3F0-4557-B9B3-5C47C07418A5}.Debug|iPhoneSimulator.ActiveCfg = Debug|Any CPU
		{BD466A6E-B3F0-4557-B9B3-5C47C07418A5}.Debug|iPhoneSimulator.Build.0 = Debug|Any CPU
		{BD466A6E-B3F0-4557-B9B3-5C47C07418A5}.Debug|iPhoneSimulator.Deploy.0 = Debug|Any CPU
		{BD466A6E-B3F0-4557-B9B3-5C47C07418A5}.Release|Any CPU.ActiveCfg = Release|Any CPU
		{BD466A6E-B3F0-4557-B9B3-5C47C07418A5}.Release|Any CPU.Build.0 = Release|Any CPU
		{BD466A6E-B3F0-4557-B9B3-5C47C07418A5}.Release|Any CPU.Deploy.0 = Release|Any CPU
		{BD466A6E-B3F0-4557-B9B3-5C47C07418A5}.Release|iPhone.ActiveCfg = Release|Any CPU
		{BD466A6E-B3F0-4557-B9B3-5C47C07418A5}.Release|iPhone.Build.0 = Release|Any CPU
		{BD466A6E-B3F0-4557-B9B3-5C47C07418A5}.Release|iPhone.Deploy.0 = Release|Any CPU
		{BD466A6E-B3F0-4557-B9B3-5C47C07418A5}.Release|iPhoneSimulator.ActiveCfg = Release|Any CPU
		{BD466A6E-B3F0-4557-B9B3-5C47C07418A5}.Release|iPhoneSimulator.Build.0 = Release|Any CPU
		{BD466A6E-B3F0-4557-B9B3-5C47C07418A5}.Release|iPhoneSimulator.Deploy.0 = Release|Any CPU
	EndGlobalSection
	GlobalSection(SolutionProperties) = preSolution
		HideSolutionNode = FALSE
	EndGlobalSection
	GlobalSection(ExtensibilityGlobals) = postSolution
		SolutionGuid = {5F97DC5A-6B02-4331-BC88-0269D5B5E3CF}
	EndGlobalSection
EndGlobal
